# THIS IS AN AUTOGENERATED FILE. DO NOT EDIT THIS FILE DIRECTLY.
# yarn lockfile v1


"moment@^2.29.1":
  "integrity" "sha1-sr52n6MZQL6e7qZGnAdeNQBvo9M="
  "resolved" "https://registry.npm.taobao.org/moment/download/moment-2.29.1.tgz?cache=0&sync_timestamp=1601983320283&other_urls=https%3A%2F%2Fregistry.npm.taobao.org%2Fmoment%2Fdownload%2Fmoment-2.29.1.tgz"
  "version" "2.29.1"

"uview-ui@^1.8.3":
  "integrity" "sha1-wmAqa/ez7vYD/WMpWes0UK1KC5s="
  "resolved" "https://registry.npm.taobao.org/uview-ui/download/uview-ui-1.8.3.tgz"
  "version" "1.8.3"
